// !$*UTF8*$!
{
	archiveVersion = 1;
	classes = {
	};
	objectVersion = 52;
	objects = {

/* Begin PBXBuildFile section */
		21B338A625C9F4EC00111067 /* AccessibilityIdentifier.swift in Sources */ = {isa = PBXBuildFile; fileRef = 21B338A525C9F4EC00111067 /* AccessibilityIdentifier.swift */; };
		6BE8C13A23B137C8003C92AE /* AppDelegate.swift in Sources */ = {isa = PBXBuildFile; fileRef = 6BE8C13923B137C8003C92AE /* AppDelegate.swift */; };
		6BE8C13C23B137C8003C92AE /* SceneDelegate.swift in Sources */ = {isa = PBXBuildFile; fileRef = 6BE8C13B23B137C8003C92AE /* SceneDelegate.swift */; };
		6BE8C13E23B137C8003C92AE /* ViewController.swift in Sources */ = {isa = PBXBuildFile; fileRef = 6BE8C13D23B137C8003C92AE /* ViewController.swift */; };
		6BE8C14123B137C8003C92AE /* Main.storyboard in Resources */ = {isa = PBXBuildFile; fileRef = 6BE8C13F23B137C8003C92AE /* Main.storyboard */; };
		6BE8C14323B137C9003C92AE /* Assets.xcassets in Resources */ = {isa = PBXBuildFile; fileRef = 6BE8C14223B137C9003C92AE /* Assets.xcassets */; };
		6BE8C14623B137C9003C92AE /* LaunchScreen.storyboard in Resources */ = {isa = PBXBuildFile; fileRef = 6BE8C14423B137C9003C92AE /* LaunchScreen.storyboard */; };
		7770710928F0253000A67872 /* Connect.xcframework in Frameworks */ = {isa = PBXBuildFile; fileRef = 7770710828F0253000A67872 /* Connect.xcframework */; };
		7770710A28F0253A00A67872 /* Connect.xcframework in Embed Frameworks */ = {isa = PBXBuildFile; fileRef = 7770710828F0253000A67872 /* Connect.xcframework */; settings = {ATTRIBUTES = (CodeSignOnCopy, RemoveHeadersOnCopy, ); }; };
/* End PBXBuildFile section */

/* Begin PBXCopyFilesBuildPhase section */
		216CEBCD255F1E4C000FD4A9 /* Embed Frameworks */ = {
			isa = PBXCopyFilesBuildPhase;
			buildActionMask = 2147483647;
			dstPath = "";
			dstSubfolderSpec = 10;
			files = (
				7770710A28F0253A00A67872 /* Connect.xcframework in Embed Frameworks */,
			);
			name = "Embed Frameworks";
			runOnlyForDeploymentPostprocessing = 0;
		};
/* End PBXCopyFilesBuildPhase section */

/* Begin PBXFileReference section */
		21B338A525C9F4EC00111067 /* AccessibilityIdentifier.swift */ = {isa = PBXFileReference; lastKnownFileType = sourcecode.swift; path = AccessibilityIdentifier.swift; sourceTree = "<group>"; };
		6BE8C13623B137C8003C92AE /* ConnectWrapper.app */ = {isa = PBXFileReference; explicitFileType = wrapper.application; includeInIndex = 0; path = ConnectWrapper.app; sourceTree = BUILT_PRODUCTS_DIR; };
		6BE8C13923B137C8003C92AE /* AppDelegate.swift */ = {isa = PBXFileReference; lastKnownFileType = sourcecode.swift; path = AppDelegate.swift; sourceTree = "<group>"; };
		6BE8C13B23B137C8003C92AE /* SceneDelegate.swift */ = {isa = PBXFileReference; lastKnownFileType = sourcecode.swift; path = SceneDelegate.swift; sourceTree = "<group>"; };
		6BE8C13D23B137C8003C92AE /* ViewController.swift */ = {isa = PBXFileReference; lastKnownFileType = sourcecode.swift; path = ViewController.swift; sourceTree = "<group>"; };
		6BE8C14023B137C8003C92AE /* Base */ = {isa = PBXFileReference; lastKnownFileType = file.storyboard; name = Base; path = Base.lproj/Main.storyboard; sourceTree = "<group>"; };
		6BE8C14223B137C9003C92AE /* Assets.xcassets */ = {isa = PBXFileReference; lastKnownFileType = folder.assetcatalog; path = Assets.xcassets; sourceTree = "<group>"; };
		6BE8C14523B137C9003C92AE /* Base */ = {isa = PBXFileReference; lastKnownFileType = file.storyboard; name = Base; path = Base.lproj/LaunchScreen.storyboard; sourceTree = "<group>"; };
		6BE8C14723B137C9003C92AE /* Info.plist */ = {isa = PBXFileReference; lastKnownFileType = text.plist.xml; path = Info.plist; sourceTree = "<group>"; };
		7770710828F0253000A67872 /* Connect.xcframework */ = {isa = PBXFileReference; lastKnownFileType = wrapper.xcframework; name = Connect.xcframework; path = ../Connect.xcframework; sourceTree = "<group>"; };
/* End PBXFileReference section */

/* Begin PBXFrameworksBuildPhase section */
		6BE8C13323B137C8003C92AE /* Frameworks */ = {
			isa = PBXFrameworksBuildPhase;
			buildActionMask = 2147483647;
			files = (
				7770710928F0253000A67872 /* Connect.xcframework in Frameworks */,
			);
			runOnlyForDeploymentPostprocessing = 0;
		};
/* End PBXFrameworksBuildPhase section */

/* Begin PBXGroup section */
		6BE8C12D23B137C8003C92AE = {
			isa = PBXGroup;
			children = (
				6BE8C13823B137C8003C92AE /* ConnectWrapper */,
				6BE8C13723B137C8003C92AE /* Products */,
				6BE8C14D23B1486E003C92AE /* Frameworks */,
			);
			sourceTree = "<group>";
		};
		6BE8C13723B137C8003C92AE /* Products */ = {
			isa = PBXGroup;
			children = (
				6BE8C13623B137C8003C92AE /* ConnectWrapper.app */,
			);
			name = Products;
			sourceTree = "<group>";
		};
		6BE8C13823B137C8003C92AE /* ConnectWrapper */ = {
			isa = PBXGroup;
			children = (
				6BE8C13923B137C8003C92AE /* AppDelegate.swift */,
				6BE8C13B23B137C8003C92AE /* SceneDelegate.swift */,
				6BE8C13D23B137C8003C92AE /* ViewController.swift */,
				6BE8C13F23B137C8003C92AE /* Main.storyboard */,
				6BE8C14223B137C9003C92AE /* Assets.xcassets */,
				6BE8C14423B137C9003C92AE /* LaunchScreen.storyboard */,
				6BE8C14723B137C9003C92AE /* Info.plist */,
				21B338A525C9F4EC00111067 /* AccessibilityIdentifier.swift */,
			);
			path = ConnectWrapper;
			sourceTree = "<group>";
		};
		6BE8C14D23B1486E003C92AE /* Frameworks */ = {
			isa = PBXGroup;
			children = (
				7770710828F0253000A67872 /* Connect.xcframework */,
			);
			name = Frameworks;
			sourceTree = "<group>";
		};
/* End PBXGroup section */

/* Begin PBXNativeTarget section */
		6BE8C13523B137C8003C92AE /* ConnectWrapper */ = {
			isa = PBXNativeTarget;
			buildConfigurationList = 6BE8C14A23B137C9003C92AE /* Build configuration list for PBXNativeTarget "ConnectWrapper" */;
			buildPhases = (
				6BE8C13223B137C8003C92AE /* Sources */,
				6BE8C13323B137C8003C92AE /* Frameworks */,
				6BE8C13423B137C8003C92AE /* Resources */,
				216CEBCD255F1E4C000FD4A9 /* Embed Frameworks */,
			);
			buildRules = (
			);
			dependencies = (
			);
			name = ConnectWrapper;
			productName = ConnectWrapper;
			productReference = 6BE8C13623B137C8003C92AE /* ConnectWrapper.app */;
			productType = "com.apple.product-type.application";
		};
/* End PBXNativeTarget section */

/* Begin PBXProject section */
		6BE8C12E23B137C8003C92AE /* Project object */ = {
			isa = PBXProject;
			attributes = {
				LastSwiftUpdateCheck = 1230;
				LastUpgradeCheck = 1210;
				ORGANIZATIONNAME = finicity;
				TargetAttributes = {
					6BE8C13523B137C8003C92AE = {
						CreatedOnToolsVersion = 11.3;
					};
				};
			};
			buildConfigurationList = 6BE8C13123B137C8003C92AE /* Build configuration list for PBXProject "ConnectWrapper" */;
			compatibilityVersion = "Xcode 9.3";
			developmentRegion = en;
			hasScannedForEncodings = 0;
			knownRegions = (
				en,
				Base,
			);
			mainGroup = 6BE8C12D23B137C8003C92AE;
			productRefGroup = 6BE8C13723B137C8003C92AE /* Products */;
			projectDirPath = "";
			projectRoot = "";
			targets = (
				6BE8C13523B137C8003C92AE /* ConnectWrapper */,
			);
		};
/* End PBXProject section */

/* Begin PBXResourcesBuildPhase section */
		6BE8C13423B137C8003C92AE /* Resources */ = {
			isa = PBXResourcesBuildPhase;
			buildActionMask = 2147483647;
			files = (
				6BE8C14623B137C9003C92AE /* LaunchScreen.storyboard in Resources */,
				6BE8C14323B137C9003C92AE /* Assets.xcassets in Resources */,
				6BE8C14123B137C8003C92AE /* Main.storyboard in Resources */,
			);
			runOnlyForDeploymentPostprocessing = 0;
		};
/* End PBXResourcesBuildPhase section */

/* Begin PBXSourcesBuildPhase section */
		6BE8C13223B137C8003C92AE /* Sources */ = {
			isa = PBXSourcesBuildPhase;
			buildActionMask = 2147483647;
			files = (
				6BE8C13E23B137C8003C92AE /* ViewController.swift in Sources */,
				6BE8C13A23B137C8003C92AE /* AppDelegate.swift in Sources */,
				6BE8C13C23B137C8003C92AE /* SceneDelegate.swift in Sources */,
				21B338A625C9F4EC00111067 /* AccessibilityIdentifier.swift in Sources */,
			);
			runOnlyForDeploymentPostprocessing = 0;
		};
/* End PBXSourcesBuildPhase section */

/* Begin PBXVariantGroup section */
		6BE8C13F23B137C8003C92AE /* Main.storyboard */ = {
			isa = PBXVariantGroup;
			children = (
				6BE8C14023B137C8003C92AE /* Base */,
			);
			name = Main.storyboard;
			sourceTree = "<group>";
		};
		6BE8C14423B137C9003C92AE /* LaunchScreen.storyboard */ = {
			isa = PBXVariantGroup;
			children = (
				6BE8C14523B137C9003C92AE /* Base */,
			);
			name = LaunchScreen.storyboard;
			sourceTree = "<group>";
		};
/* End PBXVariantGroup section */

/* Begin XCBuildConfiguration section */
		6BE8C14823B137C9003C92AE /* Debug */ = {
			isa = XCBuildConfiguration;
			buildSettings = {
				ALWAYS_SEARCH_USER_PATHS = NO;
				CLANG_ANALYZER_NONNULL = YES;
				CLANG_ANALYZER_NUMBER_OBJECT_CONVERSION = YES_AGGRESSIVE;
				CLANG_CXX_LANGUAGE_STANDARD = "gnu++14";
				CLANG_CXX_LIBRARY = "libc++";
				CLANG_ENABLE_MODULES = YES;
				CLANG_ENABLE_OBJC_ARC = YES;
				CLANG_ENABLE_OBJC_WEAK = YES;
				CLANG_WARN_BLOCK_CAPTURE_AUTORELEASING = YES;
				CLANG_WARN_BOOL_CONVERSION = YES;
				CLANG_WARN_COMMA = YES;
				CLANG_WARN_CONSTANT_CONVERSION = YES;
				CLANG_WARN_DEPRECATED_OBJC_IMPLEMENTATIONS = YES;
				CLANG_WARN_DIRECT_OBJC_ISA_USAGE = YES_ERROR;
				CLANG_WARN_DOCUMENTATION_COMMENTS = YES;
				CLANG_WARN_EMPTY_BODY = YES;
				CLANG_WARN_ENUM_CONVERSION = YES;
				CLANG_WARN_INFINITE_RECURSION = YES;
				CLANG_WARN_INT_CONVERSION = YES;
				CLANG_WARN_NON_LITERAL_NULL_CONVERSION = YES;
				CLANG_WARN_OBJC_IMPLICIT_RETAIN_SELF = YES;
				CLANG_WARN_OBJC_LITERAL_CONVERSION = YES;
				CLANG_WARN_OBJC_ROOT_CLASS = YES_ERROR;
				CLANG_WARN_QUOTED_INCLUDE_IN_FRAMEWORK_HEADER = YES;
				CLANG_WARN_RANGE_LOOP_ANALYSIS = YES;
				CLANG_WARN_STRICT_PROTOTYPES = YES;
				CLANG_WARN_SUSPICIOUS_MOVE = YES;
				CLANG_WARN_UNGUARDED_AVAILABILITY = YES_AGGRESSIVE;
				CLANG_WARN_UNREACHABLE_CODE = YES;
				CLANG_WARN__DUPLICATE_METHOD_MATCH = YES;
				COPY_PHASE_STRIP = NO;
				DEBUG_INFORMATION_FORMAT = dwarf;
				ENABLE_STRICT_OBJC_MSGSEND = YES;
				ENABLE_TESTABILITY = YES;
				GCC_C_LANGUAGE_STANDARD = gnu11;
				GCC_DYNAMIC_NO_PIC = NO;
				GCC_NO_COMMON_BLOCKS = YES;
				GCC_OPTIMIZATION_LEVEL = 0;
				GCC_PREPROCESSOR_DEFINITIONS = (
					"DEBUG=1",
					"$(inherited)",
				);
				GCC_WARN_64_TO_32_BIT_CONVERSION = YES;
				GCC_WARN_ABOUT_RETURN_TYPE = YES_ERROR;
				GCC_WARN_UNDECLARED_SELECTOR = YES;
				GCC_WARN_UNINITIALIZED_AUTOS = YES_AGGRESSIVE;
				GCC_WARN_UNUSED_FUNCTION = YES;
				GCC_WARN_UNUSED_VARIABLE = YES;
				IPHONEOS_DEPLOYMENT_TARGET = 13.2;
				MTL_ENABLE_DEBUG_INFO = INCLUDE_SOURCE;
				MTL_FAST_MATH = YES;
				ONLY_ACTIVE_ARCH = YES;
				SDKROOT = iphoneos;
				SWIFT_ACTIVE_COMPILATION_CONDITIONS = DEBUG;
				SWIFT_OPTIMIZATION_LEVEL = "-Onone";
			};
			name = Debug;
		};
		6BE8C14923B137C9003C92AE /* Release */ = {
			isa = XCBuildConfiguration;
			buildSettings = {
				ALWAYS_SEARCH_USER_PATHS = NO;
				CLANG_ANALYZER_NONNULL = YES;
				CLANG_ANALYZER_NUMBER_OBJECT_CONVERSION = YES_AGGRESSIVE;
				CLANG_CXX_LANGUAGE_STANDARD = "gnu++14";
				CLANG_CXX_LIBRARY = "libc++";
				CLANG_ENABLE_MODULES = YES;
				CLANG_ENABLE_OBJC_ARC = YES;
				CLANG_ENABLE_OBJC_WEAK = YES;
				CLANG_WARN_BLOCK_CAPTURE_AUTORELEASING = YES;
				CLANG_WARN_BOOL_CONVERSION = YES;
				CLANG_WARN_COMMA = YES;
				CLANG_WARN_CONSTANT_CONVERSION = YES;
				CLANG_WARN_DEPRECATED_OBJC_IMPLEMENTATIONS = YES;
				CLANG_WARN_DIRECT_OBJC_ISA_USAGE = YES_ERROR;
				CLANG_WARN_DOCUMENTATION_COMMENTS = YES;
				CLANG_WARN_EMPTY_BODY = YES;
				CLANG_WARN_ENUM_CONVERSION = YES;
				CLANG_WARN_INFINITE_RECURSION = YES;
				CLANG_WARN_INT_CONVERSION = YES;
				CLANG_WARN_NON_LITERAL_NULL_CONVERSION = YES;
				CLANG_WARN_OBJC_IMPLICIT_RETAIN_SELF = YES;
				CLANG_WARN_OBJC_LITERAL_CONVERSION = YES;
				CLANG_WARN_OBJC_ROOT_CLASS = YES_ERROR;
				CLANG_WARN_QUOTED_INCLUDE_IN_FRAMEWORK_HEADER = YES;
				CLANG_WARN_RANGE_LOOP_ANALYSIS = YES;
				CLANG_WARN_STRICT_PROTOTYPES = YES;
				CLANG_WARN_SUSPICIOUS_MOVE = YES;
				CLANG_WARN_UNGUARDED_AVAILABILITY = YES_AGGRESSIVE;
				CLANG_WARN_UNREACHABLE_CODE = YES;
				CLANG_WARN__DUPLICATE_METHOD_MATCH = YES;
				COPY_PHASE_STRIP = NO;
				DEBUG_INFORMATION_FORMAT = "dwarf-with-dsym";
				ENABLE_NS_ASSERTIONS = NO;
				ENABLE_STRICT_OBJC_MSGSEND = YES;
				GCC_C_LANGUAGE_STANDARD = gnu11;
				GCC_NO_COMMON_BLOCKS = YES;
				GCC_WARN_64_TO_32_BIT_CONVERSION = YES;
				GCC_WARN_ABOUT_RETURN_TYPE = YES_ERROR;
				GCC_WARN_UNDECLARED_SELECTOR = YES;
				GCC_WARN_UNINITIALIZED_AUTOS = YES_AGGRESSIVE;
				GCC_WARN_UNUSED_FUNCTION = YES;
				GCC_WARN_UNUSED_VARIABLE = YES;
				IPHONEOS_DEPLOYMENT_TARGET = 13.2;
				MTL_ENABLE_DEBUG_INFO = NO;
				MTL_FAST_MATH = YES;
				SDKROOT = iphoneos;
				SWIFT_COMPILATION_MODE = wholemodule;
				SWIFT_OPTIMIZATION_LEVEL = "-O";
				VALIDATE_PRODUCT = YES;
			};
			name = Release;
		};
		6BE8C14B23B137C9003C92AE /* Debug */ = {
			isa = XCBuildConfiguration;
			buildSettings = {
				ASSETCATALOG_COMPILER_APPICON_NAME = AppIcon;
				CODE_SIGN_STYLE = Automatic;
				CURRENT_PROJECT_VERSION = 2;
				FRAMEWORK_SEARCH_PATHS = (
					"$(inherited)",
					"$(PROJECT_DIR)",
				);
				INFOPLIST_FILE = ConnectWrapper/Info.plist;
				LD_RUNPATH_SEARCH_PATHS = (
					"$(inherited)",
					"@executable_path/Frameworks",
				);
				MARKETING_VERSION = 1.0.0;
				PRODUCT_BUNDLE_IDENTIFIER = com.mastercard.openbanking.connectwrapper;
				PRODUCT_NAME = "$(TARGET_NAME)";
				SWIFT_VERSION = 5.0;
				TARGETED_DEVICE_FAMILY = "1,2";
			};
			name = Debug;
		};
		6BE8C14C23B137C9003C92AE /* Release */ = {
			isa = XCBuildConfiguration;
			buildSettings = {
				ASSETCATALOG_COMPILER_APPICON_NAME = AppIcon;
				CODE_SIGN_STYLE = Automatic;
				CURRENT_PROJECT_VERSION = 2;
				FRAMEWORK_SEARCH_PATHS = (
					"$(inherited)",
					"$(PROJECT_DIR)",
				);
				INFOPLIST_FILE = ConnectWrapper/Info.plist;
				LD_RUNPATH_SEARCH_PATHS = (
					"$(inherited)",
					"@executable_path/Frameworks",
				);
				MARKETING_VERSION = 1.0.0;
				PRODUCT_BUNDLE_IDENTIFIER = com.mastercard.openbanking.connectwrapper;
				PRODUCT_NAME = "$(TARGET_NAME)";
				SWIFT_VERSION = 5.0;
				TARGETED_DEVICE_FAMILY = "1,2";
			};
			name = Release;
		};
/* End XCBuildConfiguration section */

/* Begin XCConfigurationList section */
		6BE8C13123B137C8003C92AE /* Build configuration list for PBXProject "ConnectWrapper" */ = {
			isa = XCConfigurationList;
			buildConfigurations = (
				6BE8C14823B137C9003C92AE /* Debug */,
				6BE8C14923B137C9003C92AE /* Release */,
			);
			defaultConfigurationIsVisible = 0;
			defaultConfigurationName = Release;
		};
		6BE8C14A23B137C9003C92AE /* Build configuration list for PBXNativeTarget "ConnectWrapper" */ = {
			isa = XCConfigurationList;
			buildConfigurations = (
				6BE8C14B23B137C9003C92AE /* Debug */,
				6BE8C14C23B137C9003C92AE /* Release */,
			);
			defaultConfigurationIsVisible = 0;
			defaultConfigurationName = Release;
		};
/* End XCConfigurationList section */
	};
	rootObject = 6BE8C12E23B137C8003C92AE /* Project object */;
}
